
Microsoft Visual Studio Solution File, Format Version 12.00
Project("{FAE04EC0-301F-11D3-BF4B-00C04F79EFBC}") = "EnergySupervisor", "EnergySupervisor.csproj", "{F95469B9-E666-405F-92D2-B5C7455F0BEC}"
EndProject
Global
	GlobalSection(SolutionConfigurationPlatforms) = preSolution
		Debug|Any CPU = Debug|Any CPU
		Release|Any CPU = Release|Any CPU
	EndGlobalSection
	GlobalSection(ProjectConfigurationPlatforms) = postSolution
		{F95469B9-E666-405F-92D2-B5C7455F0BEC}.Debug|Any CPU.ActiveCfg = Debug|Any CPU
		{F95469B9-E666-405F-92D2-B5C7455F0BEC}.Debug|Any CPU.Build.0 = Debug|Any CPU
		{F95469B9-E666-405F-92D2-B5C7455F0BEC}.Release|Any CPU.ActiveCfg = Release|Any CPU
		{F95469B9-E666-405F-92D2-B5C7455F0BEC}.Release|Any CPU.Build.0 = Release|Any CPU
	EndGlobalSection
EndGlobal
